
Microsoft Visual Studio Solution File, Format Version 12.00
# Visual Studio 15
VisualStudioVersion = 15.0.27428.2037
MinimumVisualStudioVersion = 10.0.40219.1
Project("{FAE04EC0-301F-11D3-BF4B-00C04F79EFBC}") = "Chenjiangcesuan", "Chenjiangcesuan\Chenjiangcesuan.csproj", "{248DA4B0-60E6-4AD1-B995-DE40B70BA86D}"
EndProject
Global
	GlobalSection(SolutionConfigurationPlatforms) = preSolution
		Debug|Any CPU = Debug|Any CPU
		Release|Any CPU = Release|Any CPU
	EndGlobalSection
	GlobalSection(ProjectConfigurationPlatforms) = postSolution
		{248DA4B0-60E6-4AD1-B995-DE40B70BA86D}.Debug|Any CPU.ActiveCfg = Debug|Any CPU
		{248DA4B0-60E6-4AD1-B995-DE40B70BA86D}.Debug|Any CPU.Build.0 = Debug|Any CPU
		{248DA4B0-60E6-4AD1-B995-DE40B70BA86D}.Release|Any CPU.ActiveCfg = Release|Any CPU
		{248DA4B0-60E6-4AD1-B995-DE40B70BA86D}.Release|Any CPU.Build.0 = Release|Any CPU
	EndGlobalSection
	GlobalSection(SolutionProperties) = preSolution
		HideSolutionNode = FALSE
	EndGlobalSection
	GlobalSection(ExtensibilityGlobals) = postSolution
		SolutionGuid = {4032D84B-4864-4BEC-91B5-0329F32981EB}
	EndGlobalSection
EndGlobal
